
Microsoft Visual Studio Solution File, Format Version 12.00
# Visual Studio Version 16
VisualStudioVersion = 16.0.30907.101
MinimumVisualStudioVersion = 10.0.40219.1
Project("{FAE04EC0-301F-11D3-BF4B-00C04F79EFBC}") = "RetyPattern.Api", "RetyPattern.Api\RetyPattern.Api.csproj", "{7355D2DD-BAE8-453E-88B9-CF25A3AF889B}"
EndProject
Global
	GlobalSection(SolutionConfigurationPlatforms) = preSolution
		Debug|Any CPU = Debug|Any CPU
		Release|Any CPU = Release|Any CPU
	EndGlobalSection
	GlobalSection(ProjectConfigurationPlatforms) = postSolution
		{7355D2DD-BAE8-453E-88B9-CF25A3AF889B}.Debug|Any CPU.ActiveCfg = Debug|Any CPU
		{7355D2DD-BAE8-453E-88B9-CF25A3AF889B}.Debug|Any CPU.Build.0 = Debug|Any CPU
		{7355D2DD-BAE8-453E-88B9-CF25A3AF889B}.Release|Any CPU.ActiveCfg = Release|Any CPU
		{7355D2DD-BAE8-453E-88B9-CF25A3AF889B}.Release|Any CPU.Build.0 = Release|Any CPU
	EndGlobalSection
	GlobalSection(SolutionProperties) = preSolution
		HideSolutionNode = FALSE
	EndGlobalSection
	GlobalSection(ExtensibilityGlobals) = postSolution
		SolutionGuid = {56EBBB49-2314-4A52-BAE6-E21B7C2C3C8A}
	EndGlobalSection
EndGlobal
